// !$*UTF8*$!
{
	archiveVersion = 1;
	classes = {
	};
	objectVersion = 46;
	objects = {

/* Begin PBXBuildFile section */
		C3125EB3170F1A9000F913A9 /* UIKit.framework in Frameworks */ = {isa = PBXBuildFile; fileRef = C3125EB2170F1A9000F913A9 /* UIKit.framework */; };
		C3125EB5170F1A9000F913A9 /* Foundation.framework in Frameworks */ = {isa = PBXBuildFile; fileRef = C3125EB4170F1A9000F913A9 /* Foundation.framework */; };
		C3125EB7170F1A9000F913A9 /* CoreGraphics.framework in Frameworks */ = {isa = PBXBuildFile; fileRef = C3125EB6170F1A9000F913A9 /* CoreGraphics.framework */; };
		C3125ED2170F1A9000F913A9 /* ViewController.m in Sources */ = {isa = PBXBuildFile; fileRef = C3125ED1170F1A9000F913A9 /* ViewController.m */; };
		C3125EDA170F1A9000F913A9 /* SenTestingKit.framework in Frameworks */ = {isa = PBXBuildFile; fileRef = C3125ED9170F1A9000F913A9 /* SenTestingKit.framework */; };
		C3125EDB170F1A9000F913A9 /* UIKit.framework in Frameworks */ = {isa = PBXBuildFile; fileRef = C3125EB2170F1A9000F913A9 /* UIKit.framework */; };
		C3125EDC170F1A9000F913A9 /* Foundation.framework in Frameworks */ = {isa = PBXBuildFile; fileRef = C3125EB4170F1A9000F913A9 /* Foundation.framework */; };
		C3125EE4170F1A9000F913A9 /* InfoPlist.strings in Resources */ = {isa = PBXBuildFile; fileRef = C3125EE2170F1A9000F913A9 /* InfoPlist.strings */; };
		C3125EE7170F1A9000F913A9 /* ToastButtonTests.m in Sources */ = {isa = PBXBuildFile; fileRef = C3125EE6170F1A9000F913A9 /* ToastButtonTests.m */; };
		C3125EF9170F447C00F913A9 /* QuartzCore.framework in Frameworks */ = {isa = PBXBuildFile; fileRef = C3125EF8170F447C00F913A9 /* QuartzCore.framework */; };
		C3125EFC170F5A6A00F913A9 /* ToastButton.m in Sources */ = {isa = PBXBuildFile; fileRef = C3125EFB170F5A6A00F913A9 /* ToastButton.m */; };
		C3125F00170F5A9E00F913A9 /* AppDelegate.m in Sources */ = {isa = PBXBuildFile; fileRef = C3125EFF170F5A9E00F913A9 /* AppDelegate.m */; };
		C3125F01170F5A9E00F913A9 /* AppDelegate.m in Sources */ = {isa = PBXBuildFile; fileRef = C3125EFF170F5A9E00F913A9 /* AppDelegate.m */; };
		C3125F03170F5AB500F913A9 /* ToastButton.m in Sources */ = {isa = PBXBuildFile; fileRef = C3125EFB170F5A6A00F913A9 /* ToastButton.m */; };
		C3125F0A170F5AD900F913A9 /* MainStoryboard_iPad.storyboard in Resources */ = {isa = PBXBuildFile; fileRef = C3125F08170F5AD900F913A9 /* MainStoryboard_iPad.storyboard */; };
		C3125F0B170F5AD900F913A9 /* MainStoryboard_iPad.storyboard in Resources */ = {isa = PBXBuildFile; fileRef = C3125F08170F5AD900F913A9 /* MainStoryboard_iPad.storyboard */; };
		C3125F0C170F5AD900F913A9 /* MainStoryboard_iPhone.storyboard in Resources */ = {isa = PBXBuildFile; fileRef = C3125F09170F5AD900F913A9 /* MainStoryboard_iPhone.storyboard */; };
		C3125F0D170F5AD900F913A9 /* MainStoryboard_iPhone.storyboard in Resources */ = {isa = PBXBuildFile; fileRef = C3125F09170F5AD900F913A9 /* MainStoryboard_iPhone.storyboard */; };
		C3125F0F170F5AFE00F913A9 /* ToastButton-Info.plist in Resources */ = {isa = PBXBuildFile; fileRef = C3125F0E170F5AFE00F913A9 /* ToastButton-Info.plist */; };
		C3125F10170F5AFE00F913A9 /* ToastButton-Info.plist in Resources */ = {isa = PBXBuildFile; fileRef = C3125F0E170F5AFE00F913A9 /* ToastButton-Info.plist */; };
		C3125F16170F5B2400F913A9 /* Default-568h@2x.png in Resources */ = {isa = PBXBuildFile; fileRef = C3125F12170F5B2400F913A9 /* Default-568h@2x.png */; };
		C3125F17170F5B2400F913A9 /* Default-568h@2x.png in Resources */ = {isa = PBXBuildFile; fileRef = C3125F12170F5B2400F913A9 /* Default-568h@2x.png */; };
		C3125F18170F5B2400F913A9 /* Default.png in Resources */ = {isa = PBXBuildFile; fileRef = C3125F13170F5B2400F913A9 /* Default.png */; };
		C3125F19170F5B2400F913A9 /* Default.png in Resources */ = {isa = PBXBuildFile; fileRef = C3125F13170F5B2400F913A9 /* Default.png */; };
		C3125F1A170F5B2400F913A9 /* Default@2x.png in Resources */ = {isa = PBXBuildFile; fileRef = C3125F14170F5B2400F913A9 /* Default@2x.png */; };
		C3125F1B170F5B2400F913A9 /* Default@2x.png in Resources */ = {isa = PBXBuildFile; fileRef = C3125F14170F5B2400F913A9 /* Default@2x.png */; };
		C3125F1C170F5B2400F913A9 /* main.m in Sources */ = {isa = PBXBuildFile; fileRef = C3125F15170F5B2400F913A9 /* main.m */; };
		C3125F1D170F5B2400F913A9 /* main.m in Sources */ = {isa = PBXBuildFile; fileRef = C3125F15170F5B2400F913A9 /* main.m */; };
		C3125F1F170F5B3D00F913A9 /* InfoPlist.strings in Resources */ = {isa = PBXBuildFile; fileRef = C3125F1E170F5B3D00F913A9 /* InfoPlist.strings */; };
		C3125F20170F5B3D00F913A9 /* InfoPlist.strings in Resources */ = {isa = PBXBuildFile; fileRef = C3125F1E170F5B3D00F913A9 /* InfoPlist.strings */; };
		C3125F24170F639100F913A9 /* imageView.png in Resources */ = {isa = PBXBuildFile; fileRef = C3125F23170F639100F913A9 /* imageView.png */; };
		C3125F26170F652D00F913A9 /* customView8bit.png in Resources */ = {isa = PBXBuildFile; fileRef = C3125F25170F652D00F913A9 /* customView8bit.png */; };
/* End PBXBuildFile section */

/* Begin PBXContainerItemProxy section */
		C3125EDD170F1A9000F913A9 /* PBXContainerItemProxy */ = {
			isa = PBXContainerItemProxy;
			containerPortal = C3125EA7170F1A9000F913A9 /* Project object */;
			proxyType = 1;
			remoteGlobalIDString = C3125EAE170F1A9000F913A9;
			remoteInfo = ToastButton;
		};
/* End PBXContainerItemProxy section */

/* Begin PBXFileReference section */
		C3125EAF170F1A9000F913A9 /* ToastButton.app */ = {isa = PBXFileReference; explicitFileType = wrapper.application; includeInIndex = 0; path = ToastButton.app; sourceTree = BUILT_PRODUCTS_DIR; };
		C3125EB2170F1A9000F913A9 /* UIKit.framework */ = {isa = PBXFileReference; lastKnownFileType = wrapper.framework; name = UIKit.framework; path = System/Library/Frameworks/UIKit.framework; sourceTree = SDKROOT; };
		C3125EB4170F1A9000F913A9 /* Foundation.framework */ = {isa = PBXFileReference; lastKnownFileType = wrapper.framework; name = Foundation.framework; path = System/Library/Frameworks/Foundation.framework; sourceTree = SDKROOT; };
		C3125EB6170F1A9000F913A9 /* CoreGraphics.framework */ = {isa = PBXFileReference; lastKnownFileType = wrapper.framework; name = CoreGraphics.framework; path = System/Library/Frameworks/CoreGraphics.framework; sourceTree = SDKROOT; };
		C3125ED0170F1A9000F913A9 /* ViewController.h */ = {isa = PBXFileReference; lastKnownFileType = sourcecode.c.h; path = ViewController.h; sourceTree = "<group>"; };
		C3125ED1170F1A9000F913A9 /* ViewController.m */ = {isa = PBXFileReference; lastKnownFileType = sourcecode.c.objc; path = ViewController.m; sourceTree = "<group>"; };
		C3125ED8170F1A9000F913A9 /* ToastButtonTests.octest */ = {isa = PBXFileReference; explicitFileType = wrapper.cfbundle; includeInIndex = 0; path = ToastButtonTests.octest; sourceTree = BUILT_PRODUCTS_DIR; };
		C3125ED9170F1A9000F913A9 /* SenTestingKit.framework */ = {isa = PBXFileReference; lastKnownFileType = wrapper.framework; name = SenTestingKit.framework; path = Library/Frameworks/SenTestingKit.framework; sourceTree = DEVELOPER_DIR; };
		C3125EE1170F1A9000F913A9 /* ToastButtonTests-Info.plist */ = {isa = PBXFileReference; lastKnownFileType = text.plist.xml; path = "ToastButtonTests-Info.plist"; sourceTree = "<group>"; };
		C3125EE3170F1A9000F913A9 /* en */ = {isa = PBXFileReference; lastKnownFileType = text.plist.strings; name = en; path = en.lproj/InfoPlist.strings; sourceTree = "<group>"; };
		C3125EE5170F1A9000F913A9 /* ToastButtonTests.h */ = {isa = PBXFileReference; lastKnownFileType = sourcecode.c.h; path = ToastButtonTests.h; sourceTree = "<group>"; };
		C3125EE6170F1A9000F913A9 /* ToastButtonTests.m */ = {isa = PBXFileReference; lastKnownFileType = sourcecode.c.objc; path = ToastButtonTests.m; sourceTree = "<group>"; };
		C3125EF8170F447C00F913A9 /* QuartzCore.framework */ = {isa = PBXFileReference; lastKnownFileType = wrapper.framework; name = QuartzCore.framework; path = System/Library/Frameworks/QuartzCore.framework; sourceTree = SDKROOT; };
		C3125EFA170F5A6A00F913A9 /* ToastButton.h */ = {isa = PBXFileReference; fileEncoding = 4; lastKnownFileType = sourcecode.c.h; name = ToastButton.h; path = ToastButton/ToastButton.h; sourceTree = "<group>"; };
		C3125EFB170F5A6A00F913A9 /* ToastButton.m */ = {isa = PBXFileReference; fileEncoding = 4; lastKnownFileType = sourcecode.c.objc; name = ToastButton.m; path = ToastButton/ToastButton.m; sourceTree = "<group>"; };
		C3125EFE170F5A9E00F913A9 /* AppDelegate.h */ = {isa = PBXFileReference; fileEncoding = 4; lastKnownFileType = sourcecode.c.h; path = AppDelegate.h; sourceTree = "<group>"; };
		C3125EFF170F5A9E00F913A9 /* AppDelegate.m */ = {isa = PBXFileReference; fileEncoding = 4; lastKnownFileType = sourcecode.c.objc; path = AppDelegate.m; sourceTree = "<group>"; };
		C3125F08170F5AD900F913A9 /* MainStoryboard_iPad.storyboard */ = {isa = PBXFileReference; fileEncoding = 4; lastKnownFileType = file.storyboard; path = MainStoryboard_iPad.storyboard; sourceTree = "<group>"; };
		C3125F09170F5AD900F913A9 /* MainStoryboard_iPhone.storyboard */ = {isa = PBXFileReference; fileEncoding = 4; lastKnownFileType = file.storyboard; path = MainStoryboard_iPhone.storyboard; sourceTree = "<group>"; };
		C3125F0E170F5AFE00F913A9 /* ToastButton-Info.plist */ = {isa = PBXFileReference; fileEncoding = 4; lastKnownFileType = text.plist.xml; path = "ToastButton-Info.plist"; sourceTree = "<group>"; };
		C3125F11170F5B0D00F913A9 /* ToastButton-Prefix.pch */ = {isa = PBXFileReference; fileEncoding = 4; lastKnownFileType = sourcecode.c.h; path = "ToastButton-Prefix.pch"; sourceTree = "<group>"; };
		C3125F12170F5B2400F913A9 /* Default-568h@2x.png */ = {isa = PBXFileReference; lastKnownFileType = image.png; path = "Default-568h@2x.png"; sourceTree = "<group>"; };
		C3125F13170F5B2400F913A9 /* Default.png */ = {isa = PBXFileReference; lastKnownFileType = image.png; path = Default.png; sourceTree = "<group>"; };
		C3125F14170F5B2400F913A9 /* Default@2x.png */ = {isa = PBXFileReference; lastKnownFileType = image.png; path = "Default@2x.png"; sourceTree = "<group>"; };
		C3125F15170F5B2400F913A9 /* main.m */ = {isa = PBXFileReference; fileEncoding = 4; lastKnownFileType = sourcecode.c.objc; path = main.m; sourceTree = "<group>"; };
		C3125F1E170F5B3D00F913A9 /* InfoPlist.strings */ = {isa = PBXFileReference; fileEncoding = 4; lastKnownFileType = text.plist.strings; path = InfoPlist.strings; sourceTree = "<group>"; };
		C3125F23170F639100F913A9 /* imageView.png */ = {isa = PBXFileReference; lastKnownFileType = image.png; path = imageView.png; sourceTree = "<group>"; };
		C3125F25170F652D00F913A9 /* customView8bit.png */ = {isa = PBXFileReference; lastKnownFileType = image.png; path = customView8bit.png; sourceTree = "<group>"; };
/* End PBXFileReference section */

/* Begin PBXFrameworksBuildPhase section */
		C3125EAC170F1A9000F913A9 /* Frameworks */ = {
			isa = PBXFrameworksBuildPhase;
			buildActionMask = 2147483647;
			files = (
				C3125EF9170F447C00F913A9 /* QuartzCore.framework in Frameworks */,
				C3125EB3170F1A9000F913A9 /* UIKit.framework in Frameworks */,
				C3125EB5170F1A9000F913A9 /* Foundation.framework in Frameworks */,
				C3125EB7170F1A9000F913A9 /* CoreGraphics.framework in Frameworks */,
			);
			runOnlyForDeploymentPostprocessing = 0;
		};
		C3125ED4170F1A9000F913A9 /* Frameworks */ = {
			isa = PBXFrameworksBuildPhase;
			buildActionMask = 2147483647;
			files = (
				C3125EDA170F1A9000F913A9 /* SenTestingKit.framework in Frameworks */,
				C3125EDB170F1A9000F913A9 /* UIKit.framework in Frameworks */,
				C3125EDC170F1A9000F913A9 /* Foundation.framework in Frameworks */,
			);
			runOnlyForDeploymentPostprocessing = 0;
		};
/* End PBXFrameworksBuildPhase section */

/* Begin PBXGroup section */
		C3125EA6170F1A9000F913A9 = {
			isa = PBXGroup;
			children = (
				C3125EFD170F5A7600F913A9 /* Images */,
				C3125EF0170F1A9D00F913A9 /* ToastButton */,
				C3125EB8170F1A9000F913A9 /* ToastButton */,
				C3125EDF170F1A9000F913A9 /* ToastButtonTests */,
				C3125EB1170F1A9000F913A9 /* Frameworks */,
				C3125EB0170F1A9000F913A9 /* Products */,
			);
			sourceTree = "<group>";
		};
		C3125EB0170F1A9000F913A9 /* Products */ = {
			isa = PBXGroup;
			children = (
				C3125EAF170F1A9000F913A9 /* ToastButton.app */,
				C3125ED8170F1A9000F913A9 /* ToastButtonTests.octest */,
			);
			name = Products;
			sourceTree = "<group>";
		};
		C3125EB1170F1A9000F913A9 /* Frameworks */ = {
			isa = PBXGroup;
			children = (
				C3125EF8170F447C00F913A9 /* QuartzCore.framework */,
				C3125EB2170F1A9000F913A9 /* UIKit.framework */,
				C3125EB4170F1A9000F913A9 /* Foundation.framework */,
				C3125EB6170F1A9000F913A9 /* CoreGraphics.framework */,
				C3125ED9170F1A9000F913A9 /* SenTestingKit.framework */,
			);
			name = Frameworks;
			sourceTree = "<group>";
		};
		C3125EB8170F1A9000F913A9 /* ToastButton */ = {
			isa = PBXGroup;
			children = (
				C3125EFE170F5A9E00F913A9 /* AppDelegate.h */,
				C3125EFF170F5A9E00F913A9 /* AppDelegate.m */,
				C3125F08170F5AD900F913A9 /* MainStoryboard_iPad.storyboard */,
				C3125F09170F5AD900F913A9 /* MainStoryboard_iPhone.storyboard */,
				C3125ED0170F1A9000F913A9 /* ViewController.h */,
				C3125ED1170F1A9000F913A9 /* ViewController.m */,
				C3125EB9170F1A9000F913A9 /* Supporting Files */,
			);
			path = ToastButton;
			sourceTree = "<group>";
		};
		C3125EB9170F1A9000F913A9 /* Supporting Files */ = {
			isa = PBXGroup;
			children = (
				C3125F12170F5B2400F913A9 /* Default-568h@2x.png */,
				C3125F13170F5B2400F913A9 /* Default.png */,
				C3125F14170F5B2400F913A9 /* Default@2x.png */,
				C3125F15170F5B2400F913A9 /* main.m */,
				C3125F0E170F5AFE00F913A9 /* ToastButton-Info.plist */,
				C3125F11170F5B0D00F913A9 /* ToastButton-Prefix.pch */,
				C3125F1E170F5B3D00F913A9 /* InfoPlist.strings */,
			);
			name = "Supporting Files";
			sourceTree = "<group>";
		};
		C3125EDF170F1A9000F913A9 /* ToastButtonTests */ = {
			isa = PBXGroup;
			children = (
				C3125EE5170F1A9000F913A9 /* ToastButtonTests.h */,
				C3125EE6170F1A9000F913A9 /* ToastButtonTests.m */,
				C3125EE0170F1A9000F913A9 /* Supporting Files */,
			);
			path = ToastButtonTests;
			sourceTree = "<group>";
		};
		C3125EE0170F1A9000F913A9 /* Supporting Files */ = {
			isa = PBXGroup;
			children = (
				C3125EE1170F1A9000F913A9 /* ToastButtonTests-Info.plist */,
				C3125EE2170F1A9000F913A9 /* InfoPlist.strings */,
			);
			name = "Supporting Files";
			sourceTree = "<group>";
		};
		C3125EF0170F1A9D00F913A9 /* ToastButton */ = {
			isa = PBXGroup;
			children = (
				C3125EFA170F5A6A00F913A9 /* ToastButton.h */,
				C3125EFB170F5A6A00F913A9 /* ToastButton.m */,
			);
			name = ToastButton;
			sourceTree = "<group>";
		};
		C3125EFD170F5A7600F913A9 /* Images */ = {
			isa = PBXGroup;
			children = (
				C3125F25170F652D00F913A9 /* customView8bit.png */,
				C3125F23170F639100F913A9 /* imageView.png */,
			);
			name = Images;
			sourceTree = "<group>";
		};
/* End PBXGroup section */

/* Begin PBXNativeTarget section */
		C3125EAE170F1A9000F913A9 /* ToastButton */ = {
			isa = PBXNativeTarget;
			buildConfigurationList = C3125EEA170F1A9000F913A9 /* Build configuration list for PBXNativeTarget "ToastButton" */;
			buildPhases = (
				C3125EAB170F1A9000F913A9 /* Sources */,
				C3125EAC170F1A9000F913A9 /* Frameworks */,
				C3125EAD170F1A9000F913A9 /* Resources */,
			);
			buildRules = (
			);
			dependencies = (
			);
			name = ToastButton;
			productName = ToastButton;
			productReference = C3125EAF170F1A9000F913A9 /* ToastButton.app */;
			productType = "com.apple.product-type.application";
		};
		C3125ED7170F1A9000F913A9 /* ToastButtonTests */ = {
			isa = PBXNativeTarget;
			buildConfigurationList = C3125EED170F1A9000F913A9 /* Build configuration list for PBXNativeTarget "ToastButtonTests" */;
			buildPhases = (
				C3125ED3170F1A9000F913A9 /* Sources */,
				C3125ED4170F1A9000F913A9 /* Frameworks */,
				C3125ED5170F1A9000F913A9 /* Resources */,
				C3125ED6170F1A9000F913A9 /* ShellScript */,
			);
			buildRules = (
			);
			dependencies = (
				C3125EDE170F1A9000F913A9 /* PBXTargetDependency */,
			);
			name = ToastButtonTests;
			productName = ToastButtonTests;
			productReference = C3125ED8170F1A9000F913A9 /* ToastButtonTests.octest */;
			productType = "com.apple.product-type.bundle";
		};
/* End PBXNativeTarget section */

/* Begin PBXProject section */
		C3125EA7170F1A9000F913A9 /* Project object */ = {
			isa = PBXProject;
			attributes = {
				LastUpgradeCheck = 0460;
				ORGANIZATIONNAME = Carl;
			};
			buildConfigurationList = C3125EAA170F1A9000F913A9 /* Build configuration list for PBXProject "ToastButton" */;
			compatibilityVersion = "Xcode 3.2";
			developmentRegion = English;
			hasScannedForEncodings = 0;
			knownRegions = (
				en,
			);
			mainGroup = C3125EA6170F1A9000F913A9;
			productRefGroup = C3125EB0170F1A9000F913A9 /* Products */;
			projectDirPath = "";
			projectRoot = "";
			targets = (
				C3125EAE170F1A9000F913A9 /* ToastButton */,
				C3125ED7170F1A9000F913A9 /* ToastButtonTests */,
			);
		};
/* End PBXProject section */

/* Begin PBXResourcesBuildPhase section */
		C3125EAD170F1A9000F913A9 /* Resources */ = {
			isa = PBXResourcesBuildPhase;
			buildActionMask = 2147483647;
			files = (
				C3125F0A170F5AD900F913A9 /* MainStoryboard_iPad.storyboard in Resources */,
				C3125F0C170F5AD900F913A9 /* MainStoryboard_iPhone.storyboard in Resources */,
				C3125F0F170F5AFE00F913A9 /* ToastButton-Info.plist in Resources */,
				C3125F16170F5B2400F913A9 /* Default-568h@2x.png in Resources */,
				C3125F18170F5B2400F913A9 /* Default.png in Resources */,
				C3125F1A170F5B2400F913A9 /* Default@2x.png in Resources */,
				C3125F1F170F5B3D00F913A9 /* InfoPlist.strings in Resources */,
				C3125F24170F639100F913A9 /* imageView.png in Resources */,
				C3125F26170F652D00F913A9 /* customView8bit.png in Resources */,
			);
			runOnlyForDeploymentPostprocessing = 0;
		};
		C3125ED5170F1A9000F913A9 /* Resources */ = {
			isa = PBXResourcesBuildPhase;
			buildActionMask = 2147483647;
			files = (
				C3125EE4170F1A9000F913A9 /* InfoPlist.strings in Resources */,
				C3125F0B170F5AD900F913A9 /* MainStoryboard_iPad.storyboard in Resources */,
				C3125F0D170F5AD900F913A9 /* MainStoryboard_iPhone.storyboard in Resources */,
				C3125F10170F5AFE00F913A9 /* ToastButton-Info.plist in Resources */,
				C3125F17170F5B2400F913A9 /* Default-568h@2x.png in Resources */,
				C3125F19170F5B2400F913A9 /* Default.png in Resources */,
				C3125F1B170F5B2400F913A9 /* Default@2x.png in Resources */,
				C3125F20170F5B3D00F913A9 /* InfoPlist.strings in Resources */,
			);
			runOnlyForDeploymentPostprocessing = 0;
		};
/* End PBXResourcesBuildPhase section */

/* Begin PBXShellScriptBuildPhase section */
		C3125ED6170F1A9000F913A9 /* ShellScript */ = {
			isa = PBXShellScriptBuildPhase;
			buildActionMask = 2147483647;
			files = (
			);
			inputPaths = (
			);
			outputPaths = (
			);
			runOnlyForDeploymentPostprocessing = 0;
			shellPath = /bin/sh;
			shellScript = "# Run the unit tests in this test bundle.\n\"${SYSTEM_DEVELOPER_DIR}/Tools/RunUnitTests\"\n";
		};
/* End PBXShellScriptBuildPhase section */

/* Begin PBXSourcesBuildPhase section */
		C3125EAB170F1A9000F913A9 /* Sources */ = {
			isa = PBXSourcesBuildPhase;
			buildActionMask = 2147483647;
			files = (
				C3125F03170F5AB500F913A9 /* ToastButton.m in Sources */,
				C3125ED2170F1A9000F913A9 /* ViewController.m in Sources */,
				C3125F00170F5A9E00F913A9 /* AppDelegate.m in Sources */,
				C3125F1C170F5B2400F913A9 /* main.m in Sources */,
			);
			runOnlyForDeploymentPostprocessing = 0;
		};
		C3125ED3170F1A9000F913A9 /* Sources */ = {
			isa = PBXSourcesBuildPhase;
			buildActionMask = 2147483647;
			files = (
				C3125EE7170F1A9000F913A9 /* ToastButtonTests.m in Sources */,
				C3125EFC170F5A6A00F913A9 /* ToastButton.m in Sources */,
				C3125F01170F5A9E00F913A9 /* AppDelegate.m in Sources */,
				C3125F1D170F5B2400F913A9 /* main.m in Sources */,
			);
			runOnlyForDeploymentPostprocessing = 0;
		};
/* End PBXSourcesBuildPhase section */

/* Begin PBXTargetDependency section */
		C3125EDE170F1A9000F913A9 /* PBXTargetDependency */ = {
			isa = PBXTargetDependency;
			target = C3125EAE170F1A9000F913A9 /* ToastButton */;
			targetProxy = C3125EDD170F1A9000F913A9 /* PBXContainerItemProxy */;
		};
/* End PBXTargetDependency section */

/* Begin PBXVariantGroup section */
		C3125EE2170F1A9000F913A9 /* InfoPlist.strings */ = {
			isa = PBXVariantGroup;
			children = (
				C3125EE3170F1A9000F913A9 /* en */,
			);
			name = InfoPlist.strings;
			sourceTree = "<group>";
		};
/* End PBXVariantGroup section */

/* Begin XCBuildConfiguration section */
		C3125EE8170F1A9000F913A9 /* Debug */ = {
			isa = XCBuildConfiguration;
			buildSettings = {
				ALWAYS_SEARCH_USER_PATHS = NO;
				CLANG_CXX_LANGUAGE_STANDARD = "gnu++0x";
				CLANG_CXX_LIBRARY = "libc++";
				CLANG_ENABLE_OBJC_ARC = YES;
				CLANG_WARN_CONSTANT_CONVERSION = YES;
				CLANG_WARN_EMPTY_BODY = YES;
				CLANG_WARN_ENUM_CONVERSION = YES;
				CLANG_WARN_INT_CONVERSION = YES;
				CLANG_WARN__DUPLICATE_METHOD_MATCH = YES;
				"CODE_SIGN_IDENTITY[sdk=iphoneos*]" = "iPhone Developer";
				COPY_PHASE_STRIP = NO;
				GCC_C_LANGUAGE_STANDARD = gnu99;
				GCC_DYNAMIC_NO_PIC = NO;
				GCC_OPTIMIZATION_LEVEL = 0;
				GCC_PREPROCESSOR_DEFINITIONS = (
					"DEBUG=1",
					"$(inherited)",
				);
				GCC_SYMBOLS_PRIVATE_EXTERN = NO;
				GCC_WARN_ABOUT_RETURN_TYPE = YES;
				GCC_WARN_UNINITIALIZED_AUTOS = YES;
				GCC_WARN_UNUSED_VARIABLE = YES;
				IPHONEOS_DEPLOYMENT_TARGET = 6.1;
				ONLY_ACTIVE_ARCH = YES;
				SDKROOT = iphoneos;
				TARGETED_DEVICE_FAMILY = "1,2";
			};
			name = Debug;
		};
		C3125EE9170F1A9000F913A9 /* Release */ = {
			isa = XCBuildConfiguration;
			buildSettings = {
				ALWAYS_SEARCH_USER_PATHS = NO;
				CLANG_CXX_LANGUAGE_STANDARD = "gnu++0x";
				CLANG_CXX_LIBRARY = "libc++";
				CLANG_ENABLE_OBJC_ARC = YES;
				CLANG_WARN_CONSTANT_CONVERSION = YES;
				CLANG_WARN_EMPTY_BODY = YES;
				CLANG_WARN_ENUM_CONVERSION = YES;
				CLANG_WARN_INT_CONVERSION = YES;
				CLANG_WARN__DUPLICATE_METHOD_MATCH = YES;
				"CODE_SIGN_IDENTITY[sdk=iphoneos*]" = "iPhone Developer";
				COPY_PHASE_STRIP = YES;
				GCC_C_LANGUAGE_STANDARD = gnu99;
				GCC_WARN_ABOUT_RETURN_TYPE = YES;
				GCC_WARN_UNINITIALIZED_AUTOS = YES;
				GCC_WARN_UNUSED_VARIABLE = YES;
				IPHONEOS_DEPLOYMENT_TARGET = 6.1;
				OTHER_CFLAGS = "-DNS_BLOCK_ASSERTIONS=1";
				SDKROOT = iphoneos;
				TARGETED_DEVICE_FAMILY = "1,2";
				VALIDATE_PRODUCT = YES;
			};
			name = Release;
		};
		C3125EEB170F1A9000F913A9 /* Debug */ = {
			isa = XCBuildConfiguration;
			buildSettings = {
				GCC_PRECOMPILE_PREFIX_HEADER = YES;
				GCC_PREFIX_HEADER = "ToastButton/ToastButton-Prefix.pch";
				INFOPLIST_FILE = "ToastButton/ToastButton-Info.plist";
				IPHONEOS_DEPLOYMENT_TARGET = 5.0;
				PRODUCT_NAME = "$(TARGET_NAME)";
				WRAPPER_EXTENSION = app;
			};
			name = Debug;
		};
		C3125EEC170F1A9000F913A9 /* Release */ = {
			isa = XCBuildConfiguration;
			buildSettings = {
				GCC_PRECOMPILE_PREFIX_HEADER = YES;
				GCC_PREFIX_HEADER = "ToastButton/ToastButton-Prefix.pch";
				INFOPLIST_FILE = "ToastButton/ToastButton-Info.plist";
				IPHONEOS_DEPLOYMENT_TARGET = 5.0;
				PRODUCT_NAME = "$(TARGET_NAME)";
				WRAPPER_EXTENSION = app;
			};
			name = Release;
		};
		C3125EEE170F1A9000F913A9 /* Debug */ = {
			isa = XCBuildConfiguration;
			buildSettings = {
				BUNDLE_LOADER = "$(BUILT_PRODUCTS_DIR)/ToastButton.app/ToastButton";
				FRAMEWORK_SEARCH_PATHS = (
					"\"$(SDKROOT)/Developer/Library/Frameworks\"",
					"\"$(DEVELOPER_LIBRARY_DIR)/Frameworks\"",
				);
				GCC_PRECOMPILE_PREFIX_HEADER = YES;
				GCC_PREFIX_HEADER = "ToastButton/ToastButton-Prefix.pch";
				INFOPLIST_FILE = "ToastButtonTests/ToastButtonTests-Info.plist";
				PRODUCT_NAME = "$(TARGET_NAME)";
				TEST_HOST = "$(BUNDLE_LOADER)";
				WRAPPER_EXTENSION = octest;
			};
			name = Debug;
		};
		C3125EEF170F1A9000F913A9 /* Release */ = {
			isa = XCBuildConfiguration;
			buildSettings = {
				BUNDLE_LOADER = "$(BUILT_PRODUCTS_DIR)/ToastButton.app/ToastButton";
				FRAMEWORK_SEARCH_PATHS = (
					"\"$(SDKROOT)/Developer/Library/Frameworks\"",
					"\"$(DEVELOPER_LIBRARY_DIR)/Frameworks\"",
				);
				GCC_PRECOMPILE_PREFIX_HEADER = YES;
				GCC_PREFIX_HEADER = "ToastButton/ToastButton-Prefix.pch";
				INFOPLIST_FILE = "ToastButtonTests/ToastButtonTests-Info.plist";
				PRODUCT_NAME = "$(TARGET_NAME)";
				TEST_HOST = "$(BUNDLE_LOADER)";
				WRAPPER_EXTENSION = octest;
			};
			name = Release;
		};
/* End XCBuildConfiguration section */

/* Begin XCConfigurationList section */
		C3125EAA170F1A9000F913A9 /* Build configuration list for PBXProject "ToastButton" */ = {
			isa = XCConfigurationList;
			buildConfigurations = (
				C3125EE8170F1A9000F913A9 /* Debug */,
				C3125EE9170F1A9000F913A9 /* Release */,
			);
			defaultConfigurationIsVisible = 0;
			defaultConfigurationName = Release;
		};
		C3125EEA170F1A9000F913A9 /* Build configuration list for PBXNativeTarget "ToastButton" */ = {
			isa = XCConfigurationList;
			buildConfigurations = (
				C3125EEB170F1A9000F913A9 /* Debug */,
				C3125EEC170F1A9000F913A9 /* Release */,
			);
			defaultConfigurationIsVisible = 0;
			defaultConfigurationName = Release;
		};
		C3125EED170F1A9000F913A9 /* Build configuration list for PBXNativeTarget "ToastButtonTests" */ = {
			isa = XCConfigurationList;
			buildConfigurations = (
				C3125EEE170F1A9000F913A9 /* Debug */,
				C3125EEF170F1A9000F913A9 /* Release */,
			);
			defaultConfigurationIsVisible = 0;
			defaultConfigurationName = Release;
		};
/* End XCConfigurationList section */
	};
	rootObject = C3125EA7170F1A9000F913A9 /* Project object */;
}
